
Microsoft Visual Studio Solution File, Format Version 12.00
# Visual Studio Version 17
VisualStudioVersion = 17.8.34330.188
MinimumVisualStudioVersion = 10.0.40219.1
Project("{FAE04EC0-301F-11D3-BF4B-00C04F79EFBC}") = "Business", "EnginKursu\Business.csproj", "{EAADF27D-8C96-442C-BEFF-EB0B86A1EAB6}"
EndProject
Project("{FAE04EC0-301F-11D3-BF4B-00C04F79EFBC}") = "Entities", "Entities\Entities.csproj", "{33A7BE55-D980-425F-8D61-1CBB36AD993B}"
EndProject
Project("{FAE04EC0-301F-11D3-BF4B-00C04F79EFBC}") = "Workaround", "Workaround\Workaround.csproj", "{D176C952-688D-4125-8D2B-A3F1681E3EB7}"
EndProject
Global
	GlobalSection(SolutionConfigurationPlatforms) = preSolution
		Debug|Any CPU = Debug|Any CPU
		Release|Any CPU = Release|Any CPU
	EndGlobalSection
	GlobalSection(ProjectConfigurationPlatforms) = postSolution
		{EAADF27D-8C96-442C-BEFF-EB0B86A1EAB6}.Debug|Any CPU.ActiveCfg = Debug|Any CPU
		{EAADF27D-8C96-442C-BEFF-EB0B86A1EAB6}.Debug|Any CPU.Build.0 = Debug|Any CPU
		{EAADF27D-8C96-442C-BEFF-EB0B86A1EAB6}.Release|Any CPU.ActiveCfg = Release|Any CPU
		{EAADF27D-8C96-442C-BEFF-EB0B86A1EAB6}.Release|Any CPU.Build.0 = Release|Any CPU
		{33A7BE55-D980-425F-8D61-1CBB36AD993B}.Debug|Any CPU.ActiveCfg = Debug|Any CPU
		{33A7BE55-D980-425F-8D61-1CBB36AD993B}.Debug|Any CPU.Build.0 = Debug|Any CPU
		{33A7BE55-D980-425F-8D61-1CBB36AD993B}.Release|Any CPU.ActiveCfg = Release|Any CPU
		{33A7BE55-D980-425F-8D61-1CBB36AD993B}.Release|Any CPU.Build.0 = Release|Any CPU
		{D176C952-688D-4125-8D2B-A3F1681E3EB7}.Debug|Any CPU.ActiveCfg = Debug|Any CPU
		{D176C952-688D-4125-8D2B-A3F1681E3EB7}.Debug|Any CPU.Build.0 = Debug|Any CPU
		{D176C952-688D-4125-8D2B-A3F1681E3EB7}.Release|Any CPU.ActiveCfg = Release|Any CPU
		{D176C952-688D-4125-8D2B-A3F1681E3EB7}.Release|Any CPU.Build.0 = Release|Any CPU
	EndGlobalSection
	GlobalSection(SolutionProperties) = preSolution
		HideSolutionNode = FALSE
	EndGlobalSection
	GlobalSection(ExtensibilityGlobals) = postSolution
		SolutionGuid = {064B3EB2-503A-4F30-8492-2E10A834A136}
	EndGlobalSection
EndGlobal
